{
  "name": "presentation-remote",
  "version": "0.1.0",
  "lockfileVersion": 1,
  "requires": true,
  "dependencies": {
    "node-key-sender": {
      "version": "1.0.10",
      "resolved": "https://registry.npmjs.org/node-key-sender/-/node-key-sender-1.0.10.tgz",
      "integrity": "sha512-qGb6sdNWZxrrpFByNoq5+VOjWQrnO1MFoPhqQ0P6rEBK2E7gTwdOF0ccmRrxnIFUuF2FCgqhS+ZYp3n2Mq/SVQ=="
    },
    "os-volume-controll": {
      "version": "0.1.0",
      "resolved": "https://registry.npmjs.org/os-volume-controll/-/os-volume-controll-0.1.0.tgz",
      "integrity": "sha512-oLLCMfrSEcodaW2Aj4e5kv5BVciTGYbZqRMdpzWNtlEQOVz6RcGdjeMoOuNQI+FdnU9t8tfmN4zwr5ONsF+HSQ=="
    }
  }
}
