{
  "name": "presentation-remote",
  "version": "0.1.1",
  "lockfileVersion": 1,
  "requires": true,
  "dependencies": {
    "async-limiter": {
      "version": "1.0.0",
      "resolved": "https://registry.npmjs.org/async-limiter/-/async-limiter-1.0.0.tgz",
      "integrity": "sha512-jp/uFnooOiO+L211eZOoSyzpOITMXx1rBITauYykG3BRYPu8h0UcxsPNB04RR5vo4Tyz3+ay17tR6JVf9qzYWg=="
    },
    "node-key-sender": {
      "version": "1.0.10",
      "resolved": "https://registry.npmjs.org/node-key-sender/-/node-key-sender-1.0.10.tgz",
      "integrity": "sha512-qGb6sdNWZxrrpFByNoq5+VOjWQrnO1MFoPhqQ0P6rEBK2E7gTwdOF0ccmRrxnIFUuF2FCgqhS+ZYp3n2Mq/SVQ=="
    },
    "nodejs-screen-capture": {
      "version": "0.3.0",
      "resolved": "https://registry.npmjs.org/nodejs-screen-capture/-/nodejs-screen-capture-0.3.0.tgz",
      "integrity": "sha512-64AI8KkBy9qkNkxqfeCvw0HE6XN8MtmLse16JdJywTkVSJIK4q/5koO3SOI1i/iqggd+wwE2N7vqQClrDqeT+Q=="
    },
    "os-volume-controll": {
      "version": "0.1.0",
      "resolved": "https://registry.npmjs.org/os-volume-controll/-/os-volume-controll-0.1.0.tgz",
      "integrity": "sha512-oLLCMfrSEcodaW2Aj4e5kv5BVciTGYbZqRMdpzWNtlEQOVz6RcGdjeMoOuNQI+FdnU9t8tfmN4zwr5ONsF+HSQ=="
    },
    "ws": {
      "version": "6.1.0",
      "resolved": "https://registry.npmjs.org/ws/-/ws-6.1.0.tgz",
      "integrity": "sha512-H3dGVdGvW2H8bnYpIDc3u3LH8Wue3Qh+Zto6aXXFzvESkTVT6rAfKR6tR/+coaUvxs8yHtmNV0uioBF62ZGSTg==",
      "requires": {
        "async-limiter": "1.0.0"
      }
    }
  }
}
